{
  "name": "@anderjason/composablequery",
  "version": "0.2.0",
  "lockfileVersion": 1,
  "requires": true,
  "dependencies": {
    "@anderjason/tests": {
      "version": "2.0.0",
      "resolved": "https://registry.npmjs.org/@anderjason/tests/-/tests-2.0.0.tgz",
      "integrity": "sha512-rX3jJMOXbAFsT40oCdN/DxcZDfuV+0GRo+nIz+cnBktXrfgsz7xcA6qSc8+qY0wu5KWpcWT59oS790wroyjKZg==",
      "requires": {
        "typescript": "^4.4.4"
      }
    },
    "@anderjason/util": {
      "version": "2.7.0",
      "resolved": "https://registry.npmjs.org/@anderjason/util/-/util-2.7.0.tgz",
      "integrity": "sha512-1OUfHq/pZz3fIkZPcJYUDSEsfONmmOtcxH48m4wKGW32iQf7LphafDdkZ24L1ZBcxYsE6roKtL9lkmYmDInSKA==",
      "requires": {
        "@anderjason/tests": "^2.0.0",
        "typescript": "^4.7.2"
      }
    },
    "@types/node": {
      "version": "18.11.18",
      "resolved": "https://registry.npmjs.org/@types/node/-/node-18.11.18.tgz",
      "integrity": "sha512-DHQpWGjyQKSHj3ebjFI/wRKcqQcdR+MoFBygntYOZytCqNfkd2ZC4ARDJ2DQqhjH5p85Nnd3jhUJIXrszFX/JA==",
      "dev": true
    },
    "typescript": {
      "version": "4.8.4",
      "resolved": "https://registry.npmjs.org/typescript/-/typescript-4.8.4.tgz",
      "integrity": "sha512-QCh+85mCy+h0IGff8r5XWzOVSbBO+KfeYrMQh7NJ58QujwcE22u+NUSmUxqF+un70P9GXKxa2HCNiTTMJknyjQ=="
    }
  }
}
